# @generated - this file is auto-generated by `mise lock` https://mise.jdx.dev/dev-tools/mise-lock.html

lockfile_version = 1

[[tools."github:abiosoft/incus-apply"]]
version = "0.1.1"
backend = "github:abiosoft/incus-apply"
specifiers = ["0.1.1"]

[tools."github:abiosoft/incus-apply"."platforms.linux-arm64"]
checksum = "sha256:dc38edef51a1939c4230bf03099902c98c813e582950676c30d5ce5565969752"
url = "https://github.com/abiosoft/incus-apply/releases/download/v0.1.1/incus-apply-Linux-aarch64"
url_api = "https://api.github.com/repos/abiosoft/incus-apply/releases/assets/448306190"

[tools."github:abiosoft/incus-apply"."platforms.linux-arm64-musl"]
checksum = "sha256:dc38edef51a1939c4230bf03099902c98c813e582950676c30d5ce5565969752"
url = "https://github.com/abiosoft/incus-apply/releases/download/v0.1.1/incus-apply-Linux-aarch64"
url_api = "https://api.github.com/repos/abiosoft/incus-apply/releases/assets/448306190"

[tools."github:abiosoft/incus-apply"."platforms.linux-x64"]
checksum = "sha256:3f998b478529603f18a7631a4bc31e7fff49ca717275a366b4db408775d33e87"
url = "https://github.com/abiosoft/incus-apply/releases/download/v0.1.1/incus-apply-Linux-x86_64"
url_api = "https://api.github.com/repos/abiosoft/incus-apply/releases/assets/448306166"

[tools."github:abiosoft/incus-apply"."platforms.linux-x64-musl"]
checksum = "sha256:3f998b478529603f18a7631a4bc31e7fff49ca717275a366b4db408775d33e87"
url = "https://github.com/abiosoft/incus-apply/releases/download/v0.1.1/incus-apply-Linux-x86_64"
url_api = "https://api.github.com/repos/abiosoft/incus-apply/releases/assets/448306166"

[tools."github:abiosoft/incus-apply"."platforms.macos-arm64"]
checksum = "sha256:7a6a547c8292562a2a053cb7f98e3f11960c8b9f07dc9ee1c15712dffee428a2"
url = "https://github.com/abiosoft/incus-apply/releases/download/v0.1.1/incus-apply-Darwin-arm64"
url_api = "https://api.github.com/repos/abiosoft/incus-apply/releases/assets/448306189"

[tools."github:abiosoft/incus-apply"."platforms.macos-x64"]
checksum = "sha256:33365c421d653ca2c6aae78512cd619c094dd26d2f5c61c87b92e1c75ae15646"
url = "https://github.com/abiosoft/incus-apply/releases/download/v0.1.1/incus-apply-Darwin-x86_64"
url_api = "https://api.github.com/repos/abiosoft/incus-apply/releases/assets/448306168"

[[tools."github:lxc/distrobuilder"]]
version = "3.3.1"
backend = "github:lxc/distrobuilder"
specifiers = ["3.3.1"]

[tools."github:lxc/distrobuilder"."platforms.linux-arm64"]
checksum = "sha256:6c411af7178bb55ef649c708f4f38fc3c30e6ecce901c08d8a389448a900a73a"
url = "https://github.com/lxc/distrobuilder/releases/download/v3.3.1/distrobuilder-3.3.1.tar.gz"
url_api = "https://api.github.com/repos/lxc/distrobuilder/releases/assets/361662475"

[tools."github:lxc/distrobuilder"."platforms.linux-arm64-musl"]
checksum = "sha256:6c411af7178bb55ef649c708f4f38fc3c30e6ecce901c08d8a389448a900a73a"
url = "https://github.com/lxc/distrobuilder/releases/download/v3.3.1/distrobuilder-3.3.1.tar.gz"
url_api = "https://api.github.com/repos/lxc/distrobuilder/releases/assets/361662475"

[tools."github:lxc/distrobuilder"."platforms.linux-x64"]
checksum = "sha256:6c411af7178bb55ef649c708f4f38fc3c30e6ecce901c08d8a389448a900a73a"
url = "https://github.com/lxc/distrobuilder/releases/download/v3.3.1/distrobuilder-3.3.1.tar.gz"
url_api = "https://api.github.com/repos/lxc/distrobuilder/releases/assets/361662475"

[tools."github:lxc/distrobuilder"."platforms.linux-x64-musl"]
checksum = "sha256:6c411af7178bb55ef649c708f4f38fc3c30e6ecce901c08d8a389448a900a73a"
url = "https://github.com/lxc/distrobuilder/releases/download/v3.3.1/distrobuilder-3.3.1.tar.gz"
url_api = "https://api.github.com/repos/lxc/distrobuilder/releases/assets/361662475"

[tools."github:lxc/distrobuilder"."platforms.macos-arm64"]
checksum = "sha256:6c411af7178bb55ef649c708f4f38fc3c30e6ecce901c08d8a389448a900a73a"
url = "https://github.com/lxc/distrobuilder/releases/download/v3.3.1/distrobuilder-3.3.1.tar.gz"
url_api = "https://api.github.com/repos/lxc/distrobuilder/releases/assets/361662475"

[tools."github:lxc/distrobuilder"."platforms.macos-x64"]
checksum = "sha256:6c411af7178bb55ef649c708f4f38fc3c30e6ecce901c08d8a389448a900a73a"
url = "https://github.com/lxc/distrobuilder/releases/download/v3.3.1/distrobuilder-3.3.1.tar.gz"
url_api = "https://api.github.com/repos/lxc/distrobuilder/releases/assets/361662475"

[[tools."github:stephane-klein/incus-apply"]]
version = "0.1.2-sklein-draft"
backend = "github:stephane-klein/incus-apply"
specifiers = ["v0.1.2-sklein-draft"]

[tools."github:stephane-klein/incus-apply"."platforms.linux-arm64"]
checksum = "sha256:bf9239fd4a7002b806cb218d943f46e30ade5e1eafec6c67650c97c58a9fbe4a"
url = "https://github.com/stephane-klein/incus-apply/releases/download/v0.1.2-sklein-draft/incus-apply-Linux-aarch64"
url_api = "https://api.github.com/repos/stephane-klein/incus-apply/releases/assets/535698072"

[tools."github:stephane-klein/incus-apply"."platforms.linux-arm64-musl"]
checksum = "sha256:bf9239fd4a7002b806cb218d943f46e30ade5e1eafec6c67650c97c58a9fbe4a"
url = "https://github.com/stephane-klein/incus-apply/releases/download/v0.1.2-sklein-draft/incus-apply-Linux-aarch64"
url_api = "https://api.github.com/repos/stephane-klein/incus-apply/releases/assets/535698072"

[tools."github:stephane-klein/incus-apply"."platforms.linux-x64"]
checksum = "sha256:6bf81495797071bf307d208c3e46ed9a1d620ee597baac316704a0a1d9cb6f3d"
url = "https://github.com/stephane-klein/incus-apply/releases/download/v0.1.2-sklein-draft/incus-apply-Linux-x86_64"
url_api = "https://api.github.com/repos/stephane-klein/incus-apply/releases/assets/535698068"

[tools."github:stephane-klein/incus-apply"."platforms.linux-x64-musl"]
checksum = "sha256:6bf81495797071bf307d208c3e46ed9a1d620ee597baac316704a0a1d9cb6f3d"
url = "https://github.com/stephane-klein/incus-apply/releases/download/v0.1.2-sklein-draft/incus-apply-Linux-x86_64"
url_api = "https://api.github.com/repos/stephane-klein/incus-apply/releases/assets/535698068"

[tools."github:stephane-klein/incus-apply"."platforms.macos-arm64"]
checksum = "sha256:37373fcae2b856c1cbbd92568dcb870c9733592d4a3bda58746d0ae8527ff8d7"
url = "https://github.com/stephane-klein/incus-apply/releases/download/v0.1.2-sklein-draft/incus-apply-Darwin-arm64"
url_api = "https://api.github.com/repos/stephane-klein/incus-apply/releases/assets/535698070"

[tools."github:stephane-klein/incus-apply"."platforms.macos-x64"]
checksum = "sha256:e441999cbff8dd804fb0062bae7fd29e1a73608c77ca115b677cbb3ed11f3051"
url = "https://github.com/stephane-klein/incus-apply/releases/download/v0.1.2-sklein-draft/incus-apply-Darwin-x86_64"
url_api = "https://api.github.com/repos/stephane-klein/incus-apply/releases/assets/535698067"

[[tools."go:github.com/lxc/distrobuilder/v3/distrobuilder"]]
version = "3.3.2-0.20260811001855-e2c0bcd03815"
backend = "go:github.com/lxc/distrobuilder/v3/distrobuilder"
specifiers = ["v3.3.2-0.20260811001855-e2c0bcd03815"]
