# @generated - this file is auto-generated by `mise lock` https://mise.jdx.dev/dev-tools/mise-lock.html

lockfile_version = 1

[[tools."github:mitsuhiko/minijinja"]]
version = "2.24.0"
backend = "github:mitsuhiko/minijinja"
specifiers = ["2.24.0"]

[[tools."go:github.com/lxc/incus-os/incus-osd/cmd/flasher-tool"]]
version = "0.0.0-20260829031539-d09c377f37c6"
backend = "go:github.com/lxc/incus-os/incus-osd/cmd/flasher-tool"
specifiers = ["latest"]
